
Microsoft Visual Studio Solution File, Format Version 12.00
# Visual Studio Version 16
VisualStudioVersion = 16.0.30114.105
MinimumVisualStudioVersion = 10.0.40219.1
Project("{FAE04EC0-301F-11D3-BF4B-00C04F79EFBC}") = "_InteractionFramework", "Proxbot.BOT\Proxmox.BOT.csproj", "{3F75966B-BD6C-4FF1-8DB3-7F8886FA514A}"
EndProject
Project("{FAE04EC0-301F-11D3-BF4B-00C04F79EFBC}") = "Proxmox.Config", "Proxbot.Config\Proxmox.Config.csproj", "{998B4E16-7C11-4D4B-BB7D-814CACA5E482}"
EndProject

Global
	GlobalSection(SolutionConfigurationPlatforms) = preSolution
		Debug|Any CPU = Debug|Any CPU
		Release|Any CPU = Release|Any CPU
	EndGlobalSection
	GlobalSection(SolutionProperties) = preSolution
		HideSolutionNode = FALSE
	EndGlobalSection
	GlobalSection(ProjectConfigurationPlatforms) = postSolution
		{3F75966B-BD6C-4FF1-8DB3-7F8886FA514A}.Debug|Any CPU.ActiveCfg = Debug|Any CPU
		{3F75966B-BD6C-4FF1-8DB3-7F8886FA514A}.Debug|Any CPU.Build.0 = Debug|Any CPU
		{3F75966B-BD6C-4FF1-8DB3-7F8886FA514A}.Release|Any CPU.ActiveCfg = Release|Any CPU
		{3F75966B-BD6C-4FF1-8DB3-7F8886FA514A}.Release|Any CPU.Build.0 = Release|Any CPU
		{998B4E16-7C11-4D4B-BB7D-814CACA5E482}.Debug|Any CPU.ActiveCfg = Debug|Any CPU
		{998B4E16-7C11-4D4B-BB7D-814CACA5E482}.Debug|Any CPU.Build.0 = Debug|Any CPU
		{998B4E16-7C11-4D4B-BB7D-814CACA5E482}.Release|Any CPU.ActiveCfg = Release|Any CPU
		{998B4E16-7C11-4D4B-BB7D-814CACA5E482}.Release|Any CPU.Build.0 = Release|Any CPU
		{2AB33CB1-39D6-4181-8A93-ED04D554772F}.Debug|Any CPU.ActiveCfg = Debug|Any CPU
		{2AB33CB1-39D6-4181-8A93-ED04D554772F}.Debug|Any CPU.Build.0 = Debug|Any CPU
		{2AB33CB1-39D6-4181-8A93-ED04D554772F}.Release|Any CPU.ActiveCfg = Release|Any CPU
		{2AB33CB1-39D6-4181-8A93-ED04D554772F}.Release|Any CPU.Build.0 = Release|Any CPU
	EndGlobalSection
EndGlobal
